// !$*UTF8*$!
{
	archiveVersion = 1;
	classes = {
	};
	objectVersion = 55;
	objects = {

/* Begin PBXBuildFile section */
		061AB937286CC7C100AA6177 /* AppDelegate.swift in Sources */ = {isa = PBXBuildFile; fileRef = 061AB936286CC7C100AA6177 /* AppDelegate.swift */; };
		061AB939286CC7C100AA6177 /* SceneDelegate.swift in Sources */ = {isa = PBXBuildFile; fileRef = 061AB938286CC7C100AA6177 /* SceneDelegate.swift */; };
		061AB941286CC7C100AA6177 /* QueroConhecer.xcdatamodeld in Sources */ = {isa = PBXBuildFile; fileRef = 061AB93F286CC7C100AA6177 /* QueroConhecer.xcdatamodeld */; };
		061AB943286CC7C400AA6177 /* Assets.xcassets in Resources */ = {isa = PBXBuildFile; fileRef = 061AB942286CC7C400AA6177 /* Assets.xcassets */; };
		061AB94E286CC7FB00AA6177 /* LaunchScreen.storyboard in Resources */ = {isa = PBXBuildFile; fileRef = 061AB94D286CC7FB00AA6177 /* LaunchScreen.storyboard */; };
		061AB950286CCAFA00AA6177 /* HomeViewController.swift in Sources */ = {isa = PBXBuildFile; fileRef = 061AB94F286CCAFA00AA6177 /* HomeViewController.swift */; };
		061AB954286CCD8100AA6177 /* LocationsTableCell.swift in Sources */ = {isa = PBXBuildFile; fileRef = 061AB953286CCD8100AA6177 /* LocationsTableCell.swift */; };
		061AB956286CCF6900AA6177 /* Extension.swift in Sources */ = {isa = PBXBuildFile; fileRef = 061AB955286CCF6900AA6177 /* Extension.swift */; };
		061AB958286CD49200AA6177 /* PlaceFinderViewController.swift in Sources */ = {isa = PBXBuildFile; fileRef = 061AB957286CD49200AA6177 /* PlaceFinderViewController.swift */; };
		061AB95A286CD51900AA6177 /* PlaceView.swift in Sources */ = {isa = PBXBuildFile; fileRef = 061AB959286CD51900AA6177 /* PlaceView.swift */; };
		061AB95C286CE19F00AA6177 /* LoadingOverlay.swift in Sources */ = {isa = PBXBuildFile; fileRef = 061AB95B286CE19F00AA6177 /* LoadingOverlay.swift */; };
		061AB95F286CE3B700AA6177 /* ShowPlaceViewController.swift in Sources */ = {isa = PBXBuildFile; fileRef = 061AB95E286CE3B700AA6177 /* ShowPlaceViewController.swift */; };
		0628FED8286CF2F500FEBF28 /* Place.swift in Sources */ = {isa = PBXBuildFile; fileRef = 0628FED7286CF2F500FEBF28 /* Place.swift */; };
		06BC0CB4286F264C00A28EE3 /* PlaceAnnotation.swift in Sources */ = {isa = PBXBuildFile; fileRef = 06BC0CB3286F264C00A28EE3 /* PlaceAnnotation.swift */; };
		06BC0CB6286F2F6E00A28EE3 /* LocationManager.swift in Sources */ = {isa = PBXBuildFile; fileRef = 06BC0CB5286F2F6E00A28EE3 /* LocationManager.swift */; };
/* End PBXBuildFile section */

/* Begin PBXFileReference section */
		061AB933286CC7C100AA6177 /* QueroConhecer.app */ = {isa = PBXFileReference; explicitFileType = wrapper.application; includeInIndex = 0; path = QueroConhecer.app; sourceTree = BUILT_PRODUCTS_DIR; };
		061AB936286CC7C100AA6177 /* AppDelegate.swift */ = {isa = PBXFileReference; lastKnownFileType = sourcecode.swift; path = AppDelegate.swift; sourceTree = "<group>"; };
		061AB938286CC7C100AA6177 /* SceneDelegate.swift */ = {isa = PBXFileReference; lastKnownFileType = sourcecode.swift; path = SceneDelegate.swift; sourceTree = "<group>"; };
		061AB940286CC7C100AA6177 /* QueroConhecer.xcdatamodel */ = {isa = PBXFileReference; lastKnownFileType = wrapper.xcdatamodel; path = QueroConhecer.xcdatamodel; sourceTree = "<group>"; };
		061AB942286CC7C400AA6177 /* Assets.xcassets */ = {isa = PBXFileReference; lastKnownFileType = folder.assetcatalog; path = Assets.xcassets; sourceTree = "<group>"; };
		061AB947286CC7C400AA6177 /* Info.plist */ = {isa = PBXFileReference; lastKnownFileType = text.plist.xml; path = Info.plist; sourceTree = "<group>"; };
		061AB94D286CC7FB00AA6177 /* LaunchScreen.storyboard */ = {isa = PBXFileReference; fileEncoding = 4; lastKnownFileType = file.storyboard; path = LaunchScreen.storyboard; sourceTree = "<group>"; };
		061AB94F286CCAFA00AA6177 /* HomeViewController.swift */ = {isa = PBXFileReference; lastKnownFileType = sourcecode.swift; path = HomeViewController.swift; sourceTree = "<group>"; };
		061AB953286CCD8100AA6177 /* LocationsTableCell.swift */ = {isa = PBXFileReference; lastKnownFileType = sourcecode.swift; path = LocationsTableCell.swift; sourceTree = "<group>"; };
		061AB955286CCF6900AA6177 /* Extension.swift */ = {isa = PBXFileReference; lastKnownFileType = sourcecode.swift; path = Extension.swift; sourceTree = "<group>"; };
		061AB957286CD49200AA6177 /* PlaceFinderViewController.swift */ = {isa = PBXFileReference; lastKnownFileType = sourcecode.swift; path = PlaceFinderViewController.swift; sourceTree = "<group>"; };
		061AB959286CD51900AA6177 /* PlaceView.swift */ = {isa = PBXFileReference; lastKnownFileType = sourcecode.swift; path = PlaceView.swift; sourceTree = "<group>"; };
		061AB95B286CE19F00AA6177 /* LoadingOverlay.swift */ = {isa = PBXFileReference; lastKnownFileType = sourcecode.swift; path = LoadingOverlay.swift; sourceTree = "<group>"; };
		061AB95E286CE3B700AA6177 /* ShowPlaceViewController.swift */ = {isa = PBXFileReference; lastKnownFileType = sourcecode.swift; path = ShowPlaceViewController.swift; sourceTree = "<group>"; };
		0628FED7286CF2F500FEBF28 /* Place.swift */ = {isa = PBXFileReference; lastKnownFileType = sourcecode.swift; path = Place.swift; sourceTree = "<group>"; };
		06BC0CB3286F264C00A28EE3 /* PlaceAnnotation.swift */ = {isa = PBXFileReference; lastKnownFileType = sourcecode.swift; path = PlaceAnnotation.swift; sourceTree = "<group>"; };
		06BC0CB5286F2F6E00A28EE3 /* LocationManager.swift */ = {isa = PBXFileReference; lastKnownFileType = sourcecode.swift; path = LocationManager.swift; sourceTree = "<group>"; };
		06BC0CB7286F8DCA00A28EE3 /* README.md */ = {isa = PBXFileReference; lastKnownFileType = net.daringfireball.markdown; path = README.md; sourceTree = "<group>"; };
/* End PBXFileReference section */

/* Begin PBXFrameworksBuildPhase section */
		061AB930286CC7C100AA6177 /* Frameworks */ = {
			isa = PBXFrameworksBuildPhase;
			buildActionMask = 2147483647;
			files = (
			);
			runOnlyForDeploymentPostprocessing = 0;
		};
/* End PBXFrameworksBuildPhase section */

/* Begin PBXGroup section */
		061AB92A286CC7C100AA6177 = {
			isa = PBXGroup;
			children = (
				06BC0CB7286F8DCA00A28EE3 /* README.md */,
				061AB935286CC7C100AA6177 /* QueroConhecer */,
				061AB934286CC7C100AA6177 /* Products */,
			);
			sourceTree = "<group>";
		};
		061AB934286CC7C100AA6177 /* Products */ = {
			isa = PBXGroup;
			children = (
				061AB933286CC7C100AA6177 /* QueroConhecer.app */,
			);
			name = Products;
			sourceTree = "<group>";
		};
		061AB935286CC7C100AA6177 /* QueroConhecer */ = {
			isa = PBXGroup;
			children = (
				061AB952286CCD7600AA6177 /* Views */,
				061AB951286CCB4200AA6177 /* ViewControllers */,
				061AB95D286CE1A600AA6177 /* Utils */,
				061AB936286CC7C100AA6177 /* AppDelegate.swift */,
				061AB938286CC7C100AA6177 /* SceneDelegate.swift */,
				061AB94D286CC7FB00AA6177 /* LaunchScreen.storyboard */,
				061AB942286CC7C400AA6177 /* Assets.xcassets */,
				061AB947286CC7C400AA6177 /* Info.plist */,
				061AB93F286CC7C100AA6177 /* QueroConhecer.xcdatamodeld */,
			);
			path = QueroConhecer;
			sourceTree = "<group>";
		};
		061AB951286CCB4200AA6177 /* ViewControllers */ = {
			isa = PBXGroup;
			children = (
				061AB94F286CCAFA00AA6177 /* HomeViewController.swift */,
				061AB957286CD49200AA6177 /* PlaceFinderViewController.swift */,
				061AB95E286CE3B700AA6177 /* ShowPlaceViewController.swift */,
			);
			path = ViewControllers;
			sourceTree = "<group>";
		};
		061AB952286CCD7600AA6177 /* Views */ = {
			isa = PBXGroup;
			children = (
				061AB953286CCD8100AA6177 /* LocationsTableCell.swift */,
				061AB959286CD51900AA6177 /* PlaceView.swift */,
			);
			path = Views;
			sourceTree = "<group>";
		};
		061AB95D286CE1A600AA6177 /* Utils */ = {
			isa = PBXGroup;
			children = (
				061AB95B286CE19F00AA6177 /* LoadingOverlay.swift */,
				061AB955286CCF6900AA6177 /* Extension.swift */,
				0628FED7286CF2F500FEBF28 /* Place.swift */,
				06BC0CB3286F264C00A28EE3 /* PlaceAnnotation.swift */,
				06BC0CB5286F2F6E00A28EE3 /* LocationManager.swift */,
			);
			path = Utils;
			sourceTree = "<group>";
		};
/* End PBXGroup section */

/* Begin PBXNativeTarget section */
		061AB932286CC7C100AA6177 /* QueroConhecer */ = {
			isa = PBXNativeTarget;
			buildConfigurationList = 061AB94A286CC7C400AA6177 /* Build configuration list for PBXNativeTarget "QueroConhecer" */;
			buildPhases = (
				061AB92F286CC7C100AA6177 /* Sources */,
				061AB930286CC7C100AA6177 /* Frameworks */,
				061AB931286CC7C100AA6177 /* Resources */,
			);
			buildRules = (
			);
			dependencies = (
			);
			name = QueroConhecer;
			productName = QueroConhecer;
			productReference = 061AB933286CC7C100AA6177 /* QueroConhecer.app */;
			productType = "com.apple.product-type.application";
		};
/* End PBXNativeTarget section */

/* Begin PBXProject section */
		061AB92B286CC7C100AA6177 /* Project object */ = {
			isa = PBXProject;
			attributes = {
				BuildIndependentTargetsInParallel = 1;
				LastSwiftUpdateCheck = 1340;
				LastUpgradeCheck = 1340;
				TargetAttributes = {
					061AB932286CC7C100AA6177 = {
						CreatedOnToolsVersion = 13.4.1;
					};
				};
			};
			buildConfigurationList = 061AB92E286CC7C100AA6177 /* Build configuration list for PBXProject "QueroConhecer" */;
			compatibilityVersion = "Xcode 13.0";
			developmentRegion = en;
			hasScannedForEncodings = 0;
			knownRegions = (
				en,
				Base,
			);
			mainGroup = 061AB92A286CC7C100AA6177;
			productRefGroup = 061AB934286CC7C100AA6177 /* Products */;
			projectDirPath = "";
			projectRoot = "";
			targets = (
				061AB932286CC7C100AA6177 /* QueroConhecer */,
			);
		};
/* End PBXProject section */

/* Begin PBXResourcesBuildPhase section */
		061AB931286CC7C100AA6177 /* Resources */ = {
			isa = PBXResourcesBuildPhase;
			buildActionMask = 2147483647;
			files = (
				061AB94E286CC7FB00AA6177 /* LaunchScreen.storyboard in Resources */,
				061AB943286CC7C400AA6177 /* Assets.xcassets in Resources */,
			);
			runOnlyForDeploymentPostprocessing = 0;
		};
/* End PBXResourcesBuildPhase section */

/* Begin PBXSourcesBuildPhase section */
		061AB92F286CC7C100AA6177 /* Sources */ = {
			isa = PBXSourcesBuildPhase;
			buildActionMask = 2147483647;
			files = (
				061AB941286CC7C100AA6177 /* QueroConhecer.xcdatamodeld in Sources */,
				061AB958286CD49200AA6177 /* PlaceFinderViewController.swift in Sources */,
				061AB95A286CD51900AA6177 /* PlaceView.swift in Sources */,
				061AB937286CC7C100AA6177 /* AppDelegate.swift in Sources */,
				06BC0CB4286F264C00A28EE3 /* PlaceAnnotation.swift in Sources */,
				061AB954286CCD8100AA6177 /* LocationsTableCell.swift in Sources */,
				061AB95F286CE3B700AA6177 /* ShowPlaceViewController.swift in Sources */,
				061AB956286CCF6900AA6177 /* Extension.swift in Sources */,
				061AB939286CC7C100AA6177 /* SceneDelegate.swift in Sources */,
				061AB950286CCAFA00AA6177 /* HomeViewController.swift in Sources */,
				0628FED8286CF2F500FEBF28 /* Place.swift in Sources */,
				061AB95C286CE19F00AA6177 /* LoadingOverlay.swift in Sources */,
				06BC0CB6286F2F6E00A28EE3 /* LocationManager.swift in Sources */,
			);
			runOnlyForDeploymentPostprocessing = 0;
		};
/* End PBXSourcesBuildPhase section */

/* Begin XCBuildConfiguration section */
		061AB948286CC7C400AA6177 /* Debug */ = {
			isa = XCBuildConfiguration;
			buildSettings = {
				ALWAYS_SEARCH_USER_PATHS = NO;
				CLANG_ANALYZER_NONNULL = YES;
				CLANG_ANALYZER_NUMBER_OBJECT_CONVERSION = YES_AGGRESSIVE;
				CLANG_CXX_LANGUAGE_STANDARD = "gnu++17";
				CLANG_ENABLE_MODULES = YES;
				CLANG_ENABLE_OBJC_ARC = YES;
				CLANG_ENABLE_OBJC_WEAK = YES;
				CLANG_WARN_BLOCK_CAPTURE_AUTORELEASING = YES;
				CLANG_WARN_BOOL_CONVERSION = YES;
				CLANG_WARN_COMMA = YES;
				CLANG_WARN_CONSTANT_CONVERSION = YES;
				CLANG_WARN_DEPRECATED_OBJC_IMPLEMENTATIONS = YES;
				CLANG_WARN_DIRECT_OBJC_ISA_USAGE = YES_ERROR;
				CLANG_WARN_DOCUMENTATION_COMMENTS = YES;
				CLANG_WARN_EMPTY_BODY = YES;
				CLANG_WARN_ENUM_CONVERSION = YES;
				CLANG_WARN_INFINITE_RECURSION = YES;
				CLANG_WARN_INT_CONVERSION = YES;
				CLANG_WARN_NON_LITERAL_NULL_CONVERSION = YES;
				CLANG_WARN_OBJC_IMPLICIT_RETAIN_SELF = YES;
				CLANG_WARN_OBJC_LITERAL_CONVERSION = YES;
				CLANG_WARN_OBJC_ROOT_CLASS = YES_ERROR;
				CLANG_WARN_QUOTED_INCLUDE_IN_FRAMEWORK_HEADER = YES;
				CLANG_WARN_RANGE_LOOP_ANALYSIS = YES;
				CLANG_WARN_STRICT_PROTOTYPES = YES;
				CLANG_WARN_SUSPICIOUS_MOVE = YES;
				CLANG_WARN_UNGUARDED_AVAILABILITY = YES_AGGRESSIVE;
				CLANG_WARN_UNREACHABLE_CODE = YES;
				CLANG_WARN__DUPLICATE_METHOD_MATCH = YES;
				COPY_PHASE_STRIP = NO;
				DEBUG_INFORMATION_FORMAT = dwarf;
				ENABLE_STRICT_OBJC_MSGSEND = YES;
				ENABLE_TESTABILITY = YES;
				GCC_C_LANGUAGE_STANDARD = gnu11;
				GCC_DYNAMIC_NO_PIC = NO;
				GCC_NO_COMMON_BLOCKS = YES;
				GCC_OPTIMIZATION_LEVEL = 0;
				GCC_PREPROCESSOR_DEFINITIONS = (
					"DEBUG=1",
					"$(inherited)",
				);
				GCC_WARN_64_TO_32_BIT_CONVERSION = YES;
				GCC_WARN_ABOUT_RETURN_TYPE = YES_ERROR;
				GCC_WARN_UNDECLARED_SELECTOR = YES;
				GCC_WARN_UNINITIALIZED_AUTOS = YES_AGGRESSIVE;
				GCC_WARN_UNUSED_FUNCTION = YES;
				GCC_WARN_UNUSED_VARIABLE = YES;
				IPHONEOS_DEPLOYMENT_TARGET = 15.5;
				MTL_ENABLE_DEBUG_INFO = INCLUDE_SOURCE;
				MTL_FAST_MATH = YES;
				ONLY_ACTIVE_ARCH = YES;
				SDKROOT = iphoneos;
				SWIFT_ACTIVE_COMPILATION_CONDITIONS = DEBUG;
				SWIFT_OPTIMIZATION_LEVEL = "-Onone";
			};
			name = Debug;
		};
		061AB949286CC7C400AA6177 /* Release */ = {
			isa = XCBuildConfiguration;
			buildSettings = {
				ALWAYS_SEARCH_USER_PATHS = NO;
				CLANG_ANALYZER_NONNULL = YES;
				CLANG_ANALYZER_NUMBER_OBJECT_CONVERSION = YES_AGGRESSIVE;
				CLANG_CXX_LANGUAGE_STANDARD = "gnu++17";
				CLANG_ENABLE_MODULES = YES;
				CLANG_ENABLE_OBJC_ARC = YES;
				CLANG_ENABLE_OBJC_WEAK = YES;
				CLANG_WARN_BLOCK_CAPTURE_AUTORELEASING = YES;
				CLANG_WARN_BOOL_CONVERSION = YES;
				CLANG_WARN_COMMA = YES;
				CLANG_WARN_CONSTANT_CONVERSION = YES;
				CLANG_WARN_DEPRECATED_OBJC_IMPLEMENTATIONS = YES;
				CLANG_WARN_DIRECT_OBJC_ISA_USAGE = YES_ERROR;
				CLANG_WARN_DOCUMENTATION_COMMENTS = YES;
				CLANG_WARN_EMPTY_BODY = YES;
				CLANG_WARN_ENUM_CONVERSION = YES;
				CLANG_WARN_INFINITE_RECURSION = YES;
				CLANG_WARN_INT_CONVERSION = YES;
				CLANG_WARN_NON_LITERAL_NULL_CONVERSION = YES;
				CLANG_WARN_OBJC_IMPLICIT_RETAIN_SELF = YES;
				CLANG_WARN_OBJC_LITERAL_CONVERSION = YES;
				CLANG_WARN_OBJC_ROOT_CLASS = YES_ERROR;
				CLANG_WARN_QUOTED_INCLUDE_IN_FRAMEWORK_HEADER = YES;
				CLANG_WARN_RANGE_LOOP_ANALYSIS = YES;
				CLANG_WARN_STRICT_PROTOTYPES = YES;
				CLANG_WARN_SUSPICIOUS_MOVE = YES;
				CLANG_WARN_UNGUARDED_AVAILABILITY = YES_AGGRESSIVE;
				CLANG_WARN_UNREACHABLE_CODE = YES;
				CLANG_WARN__DUPLICATE_METHOD_MATCH = YES;
				COPY_PHASE_STRIP = NO;
				DEBUG_INFORMATION_FORMAT = "dwarf-with-dsym";
				ENABLE_NS_ASSERTIONS = NO;
				ENABLE_STRICT_OBJC_MSGSEND = YES;
				GCC_C_LANGUAGE_STANDARD = gnu11;
				GCC_NO_COMMON_BLOCKS = YES;
				GCC_WARN_64_TO_32_BIT_CONVERSION = YES;
				GCC_WARN_ABOUT_RETURN_TYPE = YES_ERROR;
				GCC_WARN_UNDECLARED_SELECTOR = YES;
				GCC_WARN_UNINITIALIZED_AUTOS = YES_AGGRESSIVE;
				GCC_WARN_UNUSED_FUNCTION = YES;
				GCC_WARN_UNUSED_VARIABLE = YES;
				IPHONEOS_DEPLOYMENT_TARGET = 15.5;
				MTL_ENABLE_DEBUG_INFO = NO;
				MTL_FAST_MATH = YES;
				SDKROOT = iphoneos;
				SWIFT_COMPILATION_MODE = wholemodule;
				SWIFT_OPTIMIZATION_LEVEL = "-O";
				VALIDATE_PRODUCT = YES;
			};
			name = Release;
		};
		061AB94B286CC7C400AA6177 /* Debug */ = {
			isa = XCBuildConfiguration;
			buildSettings = {
				ASSETCATALOG_COMPILER_APPICON_NAME = AppIcon;
				ASSETCATALOG_COMPILER_GLOBAL_ACCENT_COLOR_NAME = AccentColor;
				CODE_SIGN_STYLE = Automatic;
				CURRENT_PROJECT_VERSION = 1;
				DEVELOPMENT_TEAM = TV2M6PV3A8;
				GENERATE_INFOPLIST_FILE = YES;
				INFOPLIST_FILE = QueroConhecer/Info.plist;
				INFOPLIST_KEY_NSLocationUsageDescription = "QueroConhecer precisa da sua localização para traçar rotas";
				INFOPLIST_KEY_NSLocationWhenInUseUsageDescription = "QueroConhecer precisa da sua localização para traçar rotas";
				INFOPLIST_KEY_UIApplicationSupportsIndirectInputEvents = YES;
				INFOPLIST_KEY_UILaunchStoryboardName = LaunchScreen;
				INFOPLIST_KEY_UISupportedInterfaceOrientations = UIInterfaceOrientationPortrait;
				INFOPLIST_KEY_UISupportedInterfaceOrientations_iPad = "UIInterfaceOrientationPortrait UIInterfaceOrientationPortraitUpsideDown UIInterfaceOrientationLandscapeLeft UIInterfaceOrientationLandscapeRight";
				INFOPLIST_KEY_UISupportedInterfaceOrientations_iPhone = "UIInterfaceOrientationPortrait UIInterfaceOrientationLandscapeLeft UIInterfaceOrientationLandscapeRight";
				LD_RUNPATH_SEARCH_PATHS = (
					"$(inherited)",
					"@executable_path/Frameworks",
				);
				MARKETING_VERSION = 1.0;
				PRODUCT_BUNDLE_IDENTIFIER = com.matheusxavier.QueroConhecer;
				PRODUCT_NAME = "$(TARGET_NAME)";
				SWIFT_EMIT_LOC_STRINGS = YES;
				SWIFT_VERSION = 5.0;
				TARGETED_DEVICE_FAMILY = 1;
			};
			name = Debug;
		};
		061AB94C286CC7C400AA6177 /* Release */ = {
			isa = XCBuildConfiguration;
			buildSettings = {
				ASSETCATALOG_COMPILER_APPICON_NAME = AppIcon;
				ASSETCATALOG_COMPILER_GLOBAL_ACCENT_COLOR_NAME = AccentColor;
				CODE_SIGN_STYLE = Automatic;
				CURRENT_PROJECT_VERSION = 1;
				DEVELOPMENT_TEAM = TV2M6PV3A8;
				GENERATE_INFOPLIST_FILE = YES;
				INFOPLIST_FILE = QueroConhecer/Info.plist;
				INFOPLIST_KEY_NSLocationUsageDescription = "QueroConhecer precisa da sua localização para traçar rotas";
				INFOPLIST_KEY_NSLocationWhenInUseUsageDescription = "QueroConhecer precisa da sua localização para traçar rotas";
				INFOPLIST_KEY_UIApplicationSupportsIndirectInputEvents = YES;
				INFOPLIST_KEY_UILaunchStoryboardName = LaunchScreen;
				INFOPLIST_KEY_UISupportedInterfaceOrientations = UIInterfaceOrientationPortrait;
				INFOPLIST_KEY_UISupportedInterfaceOrientations_iPad = "UIInterfaceOrientationPortrait UIInterfaceOrientationPortraitUpsideDown UIInterfaceOrientationLandscapeLeft UIInterfaceOrientationLandscapeRight";
				INFOPLIST_KEY_UISupportedInterfaceOrientations_iPhone = "UIInterfaceOrientationPortrait UIInterfaceOrientationLandscapeLeft UIInterfaceOrientationLandscapeRight";
				LD_RUNPATH_SEARCH_PATHS = (
					"$(inherited)",
					"@executable_path/Frameworks",
				);
				MARKETING_VERSION = 1.0;
				PRODUCT_BUNDLE_IDENTIFIER = com.matheusxavier.QueroConhecer;
				PRODUCT_NAME = "$(TARGET_NAME)";
				SWIFT_EMIT_LOC_STRINGS = YES;
				SWIFT_VERSION = 5.0;
				TARGETED_DEVICE_FAMILY = 1;
			};
			name = Release;
		};
/* End XCBuildConfiguration section */

/* Begin XCConfigurationList section */
		061AB92E286CC7C100AA6177 /* Build configuration list for PBXProject "QueroConhecer" */ = {
			isa = XCConfigurationList;
			buildConfigurations = (
				061AB948286CC7C400AA6177 /* Debug */,
				061AB949286CC7C400AA6177 /* Release */,
			);
			defaultConfigurationIsVisible = 0;
			defaultConfigurationName = Release;
		};
		061AB94A286CC7C400AA6177 /* Build configuration list for PBXNativeTarget "QueroConhecer" */ = {
			isa = XCConfigurationList;
			buildConfigurations = (
				061AB94B286CC7C400AA6177 /* Debug */,
				061AB94C286CC7C400AA6177 /* Release */,
			);
			defaultConfigurationIsVisible = 0;
			defaultConfigurationName = Release;
		};
/* End XCConfigurationList section */

/* Begin XCVersionGroup section */
		061AB93F286CC7C100AA6177 /* QueroConhecer.xcdatamodeld */ = {
			isa = XCVersionGroup;
			children = (
				061AB940286CC7C100AA6177 /* QueroConhecer.xcdatamodel */,
			);
			currentVersion = 061AB940286CC7C100AA6177 /* QueroConhecer.xcdatamodel */;
			path = QueroConhecer.xcdatamodeld;
			sourceTree = "<group>";
			versionGroupType = wrapper.xcdatamodel;
		};
/* End XCVersionGroup section */
	};
	rootObject = 061AB92B286CC7C100AA6177 /* Project object */;
}
